// !$*UTF8*$!
{
	archiveVersion = 1;
	classes = {
	};
	objectVersion = 55;
	objects = {

/* Begin PBXBuildFile section */
		53ADD53E27B3B7D700F57E72 /* AppDelegate.swift in Sources */ = {isa = PBXBuildFile; fileRef = 53ADD53D27B3B7D700F57E72 /* AppDelegate.swift */; };
		53ADD54027B3B7D700F57E72 /* SceneDelegate.swift in Sources */ = {isa = PBXBuildFile; fileRef = 53ADD53F27B3B7D700F57E72 /* SceneDelegate.swift */; };
		53ADD54227B3B7D700F57E72 /* ViewController.swift in Sources */ = {isa = PBXBuildFile; fileRef = 53ADD54127B3B7D700F57E72 /* ViewController.swift */; };
		53ADD54527B3B7D700F57E72 /* Main.storyboard in Resources */ = {isa = PBXBuildFile; fileRef = 53ADD54327B3B7D700F57E72 /* Main.storyboard */; };
		53ADD54727B3B7D900F57E72 /* Assets.xcassets in Resources */ = {isa = PBXBuildFile; fileRef = 53ADD54627B3B7D900F57E72 /* Assets.xcassets */; };
		53ADD54A27B3B7D900F57E72 /* LaunchScreen.storyboard in Resources */ = {isa = PBXBuildFile; fileRef = 53ADD54827B3B7D900F57E72 /* LaunchScreen.storyboard */; };
		53ADD55527B3B7D900F57E72 /* VMTests.swift in Sources */ = {isa = PBXBuildFile; fileRef = 53ADD55427B3B7D900F57E72 /* VMTests.swift */; };
		53ADD55F27B3B7D900F57E72 /* VMUITests.swift in Sources */ = {isa = PBXBuildFile; fileRef = 53ADD55E27B3B7D900F57E72 /* VMUITests.swift */; };
		53ADD56127B3B7D900F57E72 /* VMUITestsLaunchTests.swift in Sources */ = {isa = PBXBuildFile; fileRef = 53ADD56027B3B7D900F57E72 /* VMUITestsLaunchTests.swift */; };
/* End PBXBuildFile section */

/* Begin PBXContainerItemProxy section */
		53ADD55127B3B7D900F57E72 /* PBXContainerItemProxy */ = {
			isa = PBXContainerItemProxy;
			containerPortal = 53ADD53227B3B7D700F57E72 /* Project object */;
			proxyType = 1;
			remoteGlobalIDString = 53ADD53927B3B7D700F57E72;
			remoteInfo = VM;
		};
		53ADD55B27B3B7D900F57E72 /* PBXContainerItemProxy */ = {
			isa = PBXContainerItemProxy;
			containerPortal = 53ADD53227B3B7D700F57E72 /* Project object */;
			proxyType = 1;
			remoteGlobalIDString = 53ADD53927B3B7D700F57E72;
			remoteInfo = VM;
		};
/* End PBXContainerItemProxy section */

/* Begin PBXFileReference section */
		53ADD53A27B3B7D700F57E72 /* VM.app */ = {isa = PBXFileReference; explicitFileType = wrapper.application; includeInIndex = 0; path = VM.app; sourceTree = BUILT_PRODUCTS_DIR; };
		53ADD53D27B3B7D700F57E72 /* AppDelegate.swift */ = {isa = PBXFileReference; lastKnownFileType = sourcecode.swift; path = AppDelegate.swift; sourceTree = "<group>"; };
		53ADD53F27B3B7D700F57E72 /* SceneDelegate.swift */ = {isa = PBXFileReference; lastKnownFileType = sourcecode.swift; path = SceneDelegate.swift; sourceTree = "<group>"; };
		53ADD54127B3B7D700F57E72 /* ViewController.swift */ = {isa = PBXFileReference; lastKnownFileType = sourcecode.swift; path = ViewController.swift; sourceTree = "<group>"; };
		53ADD54427B3B7D700F57E72 /* Base */ = {isa = PBXFileReference; lastKnownFileType = file.storyboard; name = Base; path = Base.lproj/Main.storyboard; sourceTree = "<group>"; };
		53ADD54627B3B7D900F57E72 /* Assets.xcassets */ = {isa = PBXFileReference; lastKnownFileType = folder.assetcatalog; path = Assets.xcassets; sourceTree = "<group>"; };
		53ADD54927B3B7D900F57E72 /* Base */ = {isa = PBXFileReference; lastKnownFileType = file.storyboard; name = Base; path = Base.lproj/LaunchScreen.storyboard; sourceTree = "<group>"; };
		53ADD54B27B3B7D900F57E72 /* Info.plist */ = {isa = PBXFileReference; lastKnownFileType = text.plist.xml; path = Info.plist; sourceTree = "<group>"; };
		53ADD55027B3B7D900F57E72 /* VMTests.xctest */ = {isa = PBXFileReference; explicitFileType = wrapper.cfbundle; includeInIndex = 0; path = VMTests.xctest; sourceTree = BUILT_PRODUCTS_DIR; };
		53ADD55427B3B7D900F57E72 /* VMTests.swift */ = {isa = PBXFileReference; lastKnownFileType = sourcecode.swift; path = VMTests.swift; sourceTree = "<group>"; };
		53ADD55A27B3B7D900F57E72 /* VMUITests.xctest */ = {isa = PBXFileReference; explicitFileType = wrapper.cfbundle; includeInIndex = 0; path = VMUITests.xctest; sourceTree = BUILT_PRODUCTS_DIR; };
		53ADD55E27B3B7D900F57E72 /* VMUITests.swift */ = {isa = PBXFileReference; lastKnownFileType = sourcecode.swift; path = VMUITests.swift; sourceTree = "<group>"; };
		53ADD56027B3B7D900F57E72 /* VMUITestsLaunchTests.swift */ = {isa = PBXFileReference; lastKnownFileType = sourcecode.swift; path = VMUITestsLaunchTests.swift; sourceTree = "<group>"; };
/* End PBXFileReference section */

/* Begin PBXFrameworksBuildPhase section */
		53ADD53727B3B7D700F57E72 /* Frameworks */ = {
			isa = PBXFrameworksBuildPhase;
			buildActionMask = 2147483647;
			files = (
			);
			runOnlyForDeploymentPostprocessing = 0;
		};
		53ADD54D27B3B7D900F57E72 /* Frameworks */ = {
			isa = PBXFrameworksBuildPhase;
			buildActionMask = 2147483647;
			files = (
			);
			runOnlyForDeploymentPostprocessing = 0;
		};
		53ADD55727B3B7D900F57E72 /* Frameworks */ = {
			isa = PBXFrameworksBuildPhase;
			buildActionMask = 2147483647;
			files = (
			);
			runOnlyForDeploymentPostprocessing = 0;
		};
/* End PBXFrameworksBuildPhase section */

/* Begin PBXGroup section */
		53ADD53127B3B7D700F57E72 = {
			isa = PBXGroup;
			children = (
				53ADD53C27B3B7D700F57E72 /* VM */,
				53ADD55327B3B7D900F57E72 /* VMTests */,
				53ADD55D27B3B7D900F57E72 /* VMUITests */,
				53ADD53B27B3B7D700F57E72 /* Products */,
			);
			sourceTree = "<group>";
		};
		53ADD53B27B3B7D700F57E72 /* Products */ = {
			isa = PBXGroup;
			children = (
				53ADD53A27B3B7D700F57E72 /* VM.app */,
				53ADD55027B3B7D900F57E72 /* VMTests.xctest */,
				53ADD55A27B3B7D900F57E72 /* VMUITests.xctest */,
			);
			name = Products;
			sourceTree = "<group>";
		};
		53ADD53C27B3B7D700F57E72 /* VM */ = {
			isa = PBXGroup;
			children = (
				53ADD53D27B3B7D700F57E72 /* AppDelegate.swift */,
				53ADD53F27B3B7D700F57E72 /* SceneDelegate.swift */,
				53ADD54127B3B7D700F57E72 /* ViewController.swift */,
				53ADD54327B3B7D700F57E72 /* Main.storyboard */,
				53ADD54627B3B7D900F57E72 /* Assets.xcassets */,
				53ADD54827B3B7D900F57E72 /* LaunchScreen.storyboard */,
				53ADD54B27B3B7D900F57E72 /* Info.plist */,
			);
			path = VM;
			sourceTree = "<group>";
		};
		53ADD55327B3B7D900F57E72 /* VMTests */ = {
			isa = PBXGroup;
			children = (
				53ADD55427B3B7D900F57E72 /* VMTests.swift */,
			);
			path = VMTests;
			sourceTree = "<group>";
		};
		53ADD55D27B3B7D900F57E72 /* VMUITests */ = {
			isa = PBXGroup;
			children = (
				53ADD55E27B3B7D900F57E72 /* VMUITests.swift */,
				53ADD56027B3B7D900F57E72 /* VMUITestsLaunchTests.swift */,
			);
			path = VMUITests;
			sourceTree = "<group>";
		};
/* End PBXGroup section */

/* Begin PBXNativeTarget section */
		53ADD53927B3B7D700F57E72 /* VM */ = {
			isa = PBXNativeTarget;
			buildConfigurationList = 53ADD56427B3B7D900F57E72 /* Build configuration list for PBXNativeTarget "VM" */;
			buildPhases = (
				53ADD53627B3B7D700F57E72 /* Sources */,
				53ADD53727B3B7D700F57E72 /* Frameworks */,
				53ADD53827B3B7D700F57E72 /* Resources */,
			);
			buildRules = (
			);
			dependencies = (
			);
			name = VM;
			productName = VM;
			productReference = 53ADD53A27B3B7D700F57E72 /* VM.app */;
			productType = "com.apple.product-type.application";
		};
		53ADD54F27B3B7D900F57E72 /* VMTests */ = {
			isa = PBXNativeTarget;
			buildConfigurationList = 53ADD56727B3B7D900F57E72 /* Build configuration list for PBXNativeTarget "VMTests" */;
			buildPhases = (
				53ADD54C27B3B7D900F57E72 /* Sources */,
				53ADD54D27B3B7D900F57E72 /* Frameworks */,
				53ADD54E27B3B7D900F57E72 /* Resources */,
			);
			buildRules = (
			);
			dependencies = (
				53ADD55227B3B7D900F57E72 /* PBXTargetDependency */,
			);
			name = VMTests;
			productName = VMTests;
			productReference = 53ADD55027B3B7D900F57E72 /* VMTests.xctest */;
			productType = "com.apple.product-type.bundle.unit-test";
		};
		53ADD55927B3B7D900F57E72 /* VMUITests */ = {
			isa = PBXNativeTarget;
			buildConfigurationList = 53ADD56A27B3B7D900F57E72 /* Build configuration list for PBXNativeTarget "VMUITests" */;
			buildPhases = (
				53ADD55627B3B7D900F57E72 /* Sources */,
				53ADD55727B3B7D900F57E72 /* Frameworks */,
				53ADD55827B3B7D900F57E72 /* Resources */,
			);
			buildRules = (
			);
			dependencies = (
				53ADD55C27B3B7D900F57E72 /* PBXTargetDependency */,
			);
			name = VMUITests;
			productName = VMUITests;
			productReference = 53ADD55A27B3B7D900F57E72 /* VMUITests.xctest */;
			productType = "com.apple.product-type.bundle.ui-testing";
		};
/* End PBXNativeTarget section */

/* Begin PBXProject section */
		53ADD53227B3B7D700F57E72 /* Project object */ = {
			isa = PBXProject;
			attributes = {
				BuildIndependentTargetsInParallel = 1;
				LastSwiftUpdateCheck = 1320;
				LastUpgradeCheck = 1320;
				TargetAttributes = {
					53ADD53927B3B7D700F57E72 = {
						CreatedOnToolsVersion = 13.2.1;
					};
					53ADD54F27B3B7D900F57E72 = {
						CreatedOnToolsVersion = 13.2.1;
						TestTargetID = 53ADD53927B3B7D700F57E72;
					};
					53ADD55927B3B7D900F57E72 = {
						CreatedOnToolsVersion = 13.2.1;
						TestTargetID = 53ADD53927B3B7D700F57E72;
					};
				};
			};
			buildConfigurationList = 53ADD53527B3B7D700F57E72 /* Build configuration list for PBXProject "VM" */;
			compatibilityVersion = "Xcode 13.0";
			developmentRegion = en;
			hasScannedForEncodings = 0;
			knownRegions = (
				en,
				Base,
			);
			mainGroup = 53ADD53127B3B7D700F57E72;
			productRefGroup = 53ADD53B27B3B7D700F57E72 /* Products */;
			projectDirPath = "";
			projectRoot = "";
			targets = (
				53ADD53927B3B7D700F57E72 /* VM */,
				53ADD54F27B3B7D900F57E72 /* VMTests */,
				53ADD55927B3B7D900F57E72 /* VMUITests */,
			);
		};
/* End PBXProject section */

/* Begin PBXResourcesBuildPhase section */
		53ADD53827B3B7D700F57E72 /* Resources */ = {
			isa = PBXResourcesBuildPhase;
			buildActionMask = 2147483647;
			files = (
				53ADD54A27B3B7D900F57E72 /* LaunchScreen.storyboard in Resources */,
				53ADD54727B3B7D900F57E72 /* Assets.xcassets in Resources */,
				53ADD54527B3B7D700F57E72 /* Main.storyboard in Resources */,
			);
			runOnlyForDeploymentPostprocessing = 0;
		};
		53ADD54E27B3B7D900F57E72 /* Resources */ = {
			isa = PBXResourcesBuildPhase;
			buildActionMask = 2147483647;
			files = (
			);
			runOnlyForDeploymentPostprocessing = 0;
		};
		53ADD55827B3B7D900F57E72 /* Resources */ = {
			isa = PBXResourcesBuildPhase;
			buildActionMask = 2147483647;
			files = (
			);
			runOnlyForDeploymentPostprocessing = 0;
		};
/* End PBXResourcesBuildPhase section */

/* Begin PBXSourcesBuildPhase section */
		53ADD53627B3B7D700F57E72 /* Sources */ = {
			isa = PBXSourcesBuildPhase;
			buildActionMask = 2147483647;
			files = (
				53ADD54227B3B7D700F57E72 /* ViewController.swift in Sources */,
				53ADD53E27B3B7D700F57E72 /* AppDelegate.swift in Sources */,
				53ADD54027B3B7D700F57E72 /* SceneDelegate.swift in Sources */,
			);
			runOnlyForDeploymentPostprocessing = 0;
		};
		53ADD54C27B3B7D900F57E72 /* Sources */ = {
			isa = PBXSourcesBuildPhase;
			buildActionMask = 2147483647;
			files = (
				53ADD55527B3B7D900F57E72 /* VMTests.swift in Sources */,
			);
			runOnlyForDeploymentPostprocessing = 0;
		};
		53ADD55627B3B7D900F57E72 /* Sources */ = {
			isa = PBXSourcesBuildPhase;
			buildActionMask = 2147483647;
			files = (
				53ADD55F27B3B7D900F57E72 /* VMUITests.swift in Sources */,
				53ADD56127B3B7D900F57E72 /* VMUITestsLaunchTests.swift in Sources */,
			);
			runOnlyForDeploymentPostprocessing = 0;
		};
/* End PBXSourcesBuildPhase section */

/* Begin PBXTargetDependency section */
		53ADD55227B3B7D900F57E72 /* PBXTargetDependency */ = {
			isa = PBXTargetDependency;
			target = 53ADD53927B3B7D700F57E72 /* VM */;
			targetProxy = 53ADD55127B3B7D900F57E72 /* PBXContainerItemProxy */;
		};
		53ADD55C27B3B7D900F57E72 /* PBXTargetDependency */ = {
			isa = PBXTargetDependency;
			target = 53ADD53927B3B7D700F57E72 /* VM */;
			targetProxy = 53ADD55B27B3B7D900F57E72 /* PBXContainerItemProxy */;
		};
/* End PBXTargetDependency section */

/* Begin PBXVariantGroup section */
		53ADD54327B3B7D700F57E72 /* Main.storyboard */ = {
			isa = PBXVariantGroup;
			children = (
				53ADD54427B3B7D700F57E72 /* Base */,
			);
			name = Main.storyboard;
			sourceTree = "<group>";
		};
		53ADD54827B3B7D900F57E72 /* LaunchScreen.storyboard */ = {
			isa = PBXVariantGroup;
			children = (
				53ADD54927B3B7D900F57E72 /* Base */,
			);
			name = LaunchScreen.storyboard;
			sourceTree = "<group>";
		};
/* End PBXVariantGroup section */

/* Begin XCBuildConfiguration section */
		53ADD56227B3B7D900F57E72 /* Debug */ = {
			isa = XCBuildConfiguration;
			buildSettings = {
				ALWAYS_SEARCH_USER_PATHS = NO;
				CLANG_ANALYZER_NONNULL = YES;
				CLANG_ANALYZER_NUMBER_OBJECT_CONVERSION = YES_AGGRESSIVE;
				CLANG_CXX_LANGUAGE_STANDARD = "gnu++17";
				CLANG_CXX_LIBRARY = "libc++";
				CLANG_ENABLE_MODULES = YES;
				CLANG_ENABLE_OBJC_ARC = YES;
				CLANG_ENABLE_OBJC_WEAK = YES;
				CLANG_WARN_BLOCK_CAPTURE_AUTORELEASING = YES;
				CLANG_WARN_BOOL_CONVERSION = YES;
				CLANG_WARN_COMMA = YES;
				CLANG_WARN_CONSTANT_CONVERSION = YES;
				CLANG_WARN_DEPRECATED_OBJC_IMPLEMENTATIONS = YES;
				CLANG_WARN_DIRECT_OBJC_ISA_USAGE = YES_ERROR;
				CLANG_WARN_DOCUMENTATION_COMMENTS = YES;
				CLANG_WARN_EMPTY_BODY = YES;
				CLANG_WARN_ENUM_CONVERSION = YES;
				CLANG_WARN_INFINITE_RECURSION = YES;
				CLANG_WARN_INT_CONVERSION = YES;
				CLANG_WARN_NON_LITERAL_NULL_CONVERSION = YES;
				CLANG_WARN_OBJC_IMPLICIT_RETAIN_SELF = YES;
				CLANG_WARN_OBJC_LITERAL_CONVERSION = YES;
				CLANG_WARN_OBJC_ROOT_CLASS = YES_ERROR;
				CLANG_WARN_QUOTED_INCLUDE_IN_FRAMEWORK_HEADER = YES;
				CLANG_WARN_RANGE_LOOP_ANALYSIS = YES;
				CLANG_WARN_STRICT_PROTOTYPES = YES;
				CLANG_WARN_SUSPICIOUS_MOVE = YES;
				CLANG_WARN_UNGUARDED_AVAILABILITY = YES_AGGRESSIVE;
				CLANG_WARN_UNREACHABLE_CODE = YES;
				CLANG_WARN__DUPLICATE_METHOD_MATCH = YES;
				COPY_PHASE_STRIP = NO;
				DEBUG_INFORMATION_FORMAT = dwarf;
				ENABLE_STRICT_OBJC_MSGSEND = YES;
				ENABLE_TESTABILITY = YES;
				GCC_C_LANGUAGE_STANDARD = gnu11;
				GCC_DYNAMIC_NO_PIC = NO;
				GCC_NO_COMMON_BLOCKS = YES;
				GCC_OPTIMIZATION_LEVEL = 0;
				GCC_PREPROCESSOR_DEFINITIONS = (
					"DEBUG=1",
					"$(inherited)",
				);
				GCC_WARN_64_TO_32_BIT_CONVERSION = YES;
				GCC_WARN_ABOUT_RETURN_TYPE = YES_ERROR;
				GCC_WARN_UNDECLARED_SELECTOR = YES;
				GCC_WARN_UNINITIALIZED_AUTOS = YES_AGGRESSIVE;
				GCC_WARN_UNUSED_FUNCTION = YES;
				GCC_WARN_UNUSED_VARIABLE = YES;
				IPHONEOS_DEPLOYMENT_TARGET = 15.2;
				MTL_ENABLE_DEBUG_INFO = INCLUDE_SOURCE;
				MTL_FAST_MATH = YES;
				ONLY_ACTIVE_ARCH = YES;
				SDKROOT = iphoneos;
				SWIFT_ACTIVE_COMPILATION_CONDITIONS = DEBUG;
				SWIFT_OPTIMIZATION_LEVEL = "-Onone";
			};
			name = Debug;
		};
		53ADD56327B3B7D900F57E72 /* Release */ = {
			isa = XCBuildConfiguration;
			buildSettings = {
				ALWAYS_SEARCH_USER_PATHS = NO;
				CLANG_ANALYZER_NONNULL = YES;
				CLANG_ANALYZER_NUMBER_OBJECT_CONVERSION = YES_AGGRESSIVE;
				CLANG_CXX_LANGUAGE_STANDARD = "gnu++17";
				CLANG_CXX_LIBRARY = "libc++";
				CLANG_ENABLE_MODULES = YES;
				CLANG_ENABLE_OBJC_ARC = YES;
				CLANG_ENABLE_OBJC_WEAK = YES;
				CLANG_WARN_BLOCK_CAPTURE_AUTORELEASING = YES;
				CLANG_WARN_BOOL_CONVERSION = YES;
				CLANG_WARN_COMMA = YES;
				CLANG_WARN_CONSTANT_CONVERSION = YES;
				CLANG_WARN_DEPRECATED_OBJC_IMPLEMENTATIONS = YES;
				CLANG_WARN_DIRECT_OBJC_ISA_USAGE = YES_ERROR;
				CLANG_WARN_DOCUMENTATION_COMMENTS = YES;
				CLANG_WARN_EMPTY_BODY = YES;
				CLANG_WARN_ENUM_CONVERSION = YES;
				CLANG_WARN_INFINITE_RECURSION = YES;
				CLANG_WARN_INT_CONVERSION = YES;
				CLANG_WARN_NON_LITERAL_NULL_CONVERSION = YES;
				CLANG_WARN_OBJC_IMPLICIT_RETAIN_SELF = YES;
				CLANG_WARN_OBJC_LITERAL_CONVERSION = YES;
				CLANG_WARN_OBJC_ROOT_CLASS = YES_ERROR;
				CLANG_WARN_QUOTED_INCLUDE_IN_FRAMEWORK_HEADER = YES;
				CLANG_WARN_RANGE_LOOP_ANALYSIS = YES;
				CLANG_WARN_STRICT_PROTOTYPES = YES;
				CLANG_WARN_SUSPICIOUS_MOVE = YES;
				CLANG_WARN_UNGUARDED_AVAILABILITY = YES_AGGRESSIVE;
				CLANG_WARN_UNREACHABLE_CODE = YES;
				CLANG_WARN__DUPLICATE_METHOD_MATCH = YES;
				COPY_PHASE_STRIP = NO;
				DEBUG_INFORMATION_FORMAT = "dwarf-with-dsym";
				ENABLE_NS_ASSERTIONS = NO;
				ENABLE_STRICT_OBJC_MSGSEND = YES;
				GCC_C_LANGUAGE_STANDARD = gnu11;
				GCC_NO_COMMON_BLOCKS = YES;
				GCC_WARN_64_TO_32_BIT_CONVERSION = YES;
				GCC_WARN_ABOUT_RETURN_TYPE = YES_ERROR;
				GCC_WARN_UNDECLARED_SELECTOR = YES;
				GCC_WARN_UNINITIALIZED_AUTOS = YES_AGGRESSIVE;
				GCC_WARN_UNUSED_FUNCTION = YES;
				GCC_WARN_UNUSED_VARIABLE = YES;
				IPHONEOS_DEPLOYMENT_TARGET = 15.2;
				MTL_ENABLE_DEBUG_INFO = NO;
				MTL_FAST_MATH = YES;
				SDKROOT = iphoneos;
				SWIFT_COMPILATION_MODE = wholemodule;
				SWIFT_OPTIMIZATION_LEVEL = "-O";
				VALIDATE_PRODUCT = YES;
			};
			name = Release;
		};
		53ADD56527B3B7D900F57E72 /* Debug */ = {
			isa = XCBuildConfiguration;
			buildSettings = {
				ASSETCATALOG_COMPILER_APPICON_NAME = AppIcon;
				ASSETCATALOG_COMPILER_GLOBAL_ACCENT_COLOR_NAME = AccentColor;
				CODE_SIGN_STYLE = Automatic;
				CURRENT_PROJECT_VERSION = 1;
				DEVELOPMENT_TEAM = Q4783BNZ95;
				GENERATE_INFOPLIST_FILE = YES;
				INFOPLIST_FILE = VM/Info.plist;
				INFOPLIST_KEY_UIApplicationSupportsIndirectInputEvents = YES;
				INFOPLIST_KEY_UILaunchStoryboardName = LaunchScreen;
				INFOPLIST_KEY_UIMainStoryboardFile = Main;
				INFOPLIST_KEY_UISupportedInterfaceOrientations_iPad = "UIInterfaceOrientationPortrait UIInterfaceOrientationPortraitUpsideDown UIInterfaceOrientationLandscapeLeft UIInterfaceOrientationLandscapeRight";
				INFOPLIST_KEY_UISupportedInterfaceOrientations_iPhone = "UIInterfaceOrientationPortrait UIInterfaceOrientationLandscapeLeft UIInterfaceOrientationLandscapeRight";
				IPHONEOS_DEPLOYMENT_TARGET = 11.0;
				LD_RUNPATH_SEARCH_PATHS = (
					"$(inherited)",
					"@executable_path/Frameworks",
				);
				MARKETING_VERSION = 1.0;
				PRODUCT_BUNDLE_IDENTIFIER = com.keith27staines.VM;
				PRODUCT_NAME = "$(TARGET_NAME)";
				SWIFT_EMIT_LOC_STRINGS = YES;
				SWIFT_VERSION = 5.0;
				TARGETED_DEVICE_FAMILY = "1,2";
			};
			name = Debug;
		};
		53ADD56627B3B7D900F57E72 /* Release */ = {
			isa = XCBuildConfiguration;
			buildSettings = {
				ASSETCATALOG_COMPILER_APPICON_NAME = AppIcon;
				ASSETCATALOG_COMPILER_GLOBAL_ACCENT_COLOR_NAME = AccentColor;
				CODE_SIGN_STYLE = Automatic;
				CURRENT_PROJECT_VERSION = 1;
				DEVELOPMENT_TEAM = Q4783BNZ95;
				GENERATE_INFOPLIST_FILE = YES;
				INFOPLIST_FILE = VM/Info.plist;
				INFOPLIST_KEY_UIApplicationSupportsIndirectInputEvents = YES;
				INFOPLIST_KEY_UILaunchStoryboardName = LaunchScreen;
				INFOPLIST_KEY_UIMainStoryboardFile = Main;
				INFOPLIST_KEY_UISupportedInterfaceOrientations_iPad = "UIInterfaceOrientationPortrait UIInterfaceOrientationPortraitUpsideDown UIInterfaceOrientationLandscapeLeft UIInterfaceOrientationLandscapeRight";
				INFOPLIST_KEY_UISupportedInterfaceOrientations_iPhone = "UIInterfaceOrientationPortrait UIInterfaceOrientationLandscapeLeft UIInterfaceOrientationLandscapeRight";
				IPHONEOS_DEPLOYMENT_TARGET = 11.0;
				LD_RUNPATH_SEARCH_PATHS = (
					"$(inherited)",
					"@executable_path/Frameworks",
				);
				MARKETING_VERSION = 1.0;
				PRODUCT_BUNDLE_IDENTIFIER = com.keith27staines.VM;
				PRODUCT_NAME = "$(TARGET_NAME)";
				SWIFT_EMIT_LOC_STRINGS = YES;
				SWIFT_VERSION = 5.0;
				TARGETED_DEVICE_FAMILY = "1,2";
			};
			name = Release;
		};
		53ADD56827B3B7D900F57E72 /* Debug */ = {
			isa = XCBuildConfiguration;
			buildSettings = {
				ALWAYS_EMBED_SWIFT_STANDARD_LIBRARIES = YES;
				BUNDLE_LOADER = "$(TEST_HOST)";
				CODE_SIGN_STYLE = Automatic;
				CURRENT_PROJECT_VERSION = 1;
				DEVELOPMENT_TEAM = Q4783BNZ95;
				GENERATE_INFOPLIST_FILE = YES;
				IPHONEOS_DEPLOYMENT_TARGET = 15.2;
				MARKETING_VERSION = 1.0;
				PRODUCT_BUNDLE_IDENTIFIER = com.keith27staines.VMTests;
				PRODUCT_NAME = "$(TARGET_NAME)";
				SWIFT_EMIT_LOC_STRINGS = NO;
				SWIFT_VERSION = 5.0;
				TARGETED_DEVICE_FAMILY = "1,2";
				TEST_HOST = "$(BUILT_PRODUCTS_DIR)/VM.app/VM";
			};
			name = Debug;
		};
		53ADD56927B3B7D900F57E72 /* Release */ = {
			isa = XCBuildConfiguration;
			buildSettings = {
				ALWAYS_EMBED_SWIFT_STANDARD_LIBRARIES = YES;
				BUNDLE_LOADER = "$(TEST_HOST)";
				CODE_SIGN_STYLE = Automatic;
				CURRENT_PROJECT_VERSION = 1;
				DEVELOPMENT_TEAM = Q4783BNZ95;
				GENERATE_INFOPLIST_FILE = YES;
				IPHONEOS_DEPLOYMENT_TARGET = 15.2;
				MARKETING_VERSION = 1.0;
				PRODUCT_BUNDLE_IDENTIFIER = com.keith27staines.VMTests;
				PRODUCT_NAME = "$(TARGET_NAME)";
				SWIFT_EMIT_LOC_STRINGS = NO;
				SWIFT_VERSION = 5.0;
				TARGETED_DEVICE_FAMILY = "1,2";
				TEST_HOST = "$(BUILT_PRODUCTS_DIR)/VM.app/VM";
			};
			name = Release;
		};
		53ADD56B27B3B7D900F57E72 /* Debug */ = {
			isa = XCBuildConfiguration;
			buildSettings = {
				ALWAYS_EMBED_SWIFT_STANDARD_LIBRARIES = YES;
				CODE_SIGN_STYLE = Automatic;
				CURRENT_PROJECT_VERSION = 1;
				DEVELOPMENT_TEAM = Q4783BNZ95;
				GENERATE_INFOPLIST_FILE = YES;
				MARKETING_VERSION = 1.0;
				PRODUCT_BUNDLE_IDENTIFIER = com.keith27staines.VMUITests;
				PRODUCT_NAME = "$(TARGET_NAME)";
				SWIFT_EMIT_LOC_STRINGS = NO;
				SWIFT_VERSION = 5.0;
				TARGETED_DEVICE_FAMILY = "1,2";
				TEST_TARGET_NAME = VM;
			};
			name = Debug;
		};
		53ADD56C27B3B7D900F57E72 /* Release */ = {
			isa = XCBuildConfiguration;
			buildSettings = {
				ALWAYS_EMBED_SWIFT_STANDARD_LIBRARIES = YES;
				CODE_SIGN_STYLE = Automatic;
				CURRENT_PROJECT_VERSION = 1;
				DEVELOPMENT_TEAM = Q4783BNZ95;
				GENERATE_INFOPLIST_FILE = YES;
				MARKETING_VERSION = 1.0;
				PRODUCT_BUNDLE_IDENTIFIER = com.keith27staines.VMUITests;
				PRODUCT_NAME = "$(TARGET_NAME)";
				SWIFT_EMIT_LOC_STRINGS = NO;
				SWIFT_VERSION = 5.0;
				TARGETED_DEVICE_FAMILY = "1,2";
				TEST_TARGET_NAME = VM;
			};
			name = Release;
		};
/* End XCBuildConfiguration section */

/* Begin XCConfigurationList section */
		53ADD53527B3B7D700F57E72 /* Build configuration list for PBXProject "VM" */ = {
			isa = XCConfigurationList;
			buildConfigurations = (
				53ADD56227B3B7D900F57E72 /* Debug */,
				53ADD56327B3B7D900F57E72 /* Release */,
			);
			defaultConfigurationIsVisible = 0;
			defaultConfigurationName = Release;
		};
		53ADD56427B3B7D900F57E72 /* Build configuration list for PBXNativeTarget "VM" */ = {
			isa = XCConfigurationList;
			buildConfigurations = (
				53ADD56527B3B7D900F57E72 /* Debug */,
				53ADD56627B3B7D900F57E72 /* Release */,
			);
			defaultConfigurationIsVisible = 0;
			defaultConfigurationName = Release;
		};
		53ADD56727B3B7D900F57E72 /* Build configuration list for PBXNativeTarget "VMTests" */ = {
			isa = XCConfigurationList;
			buildConfigurations = (
				53ADD56827B3B7D900F57E72 /* Debug */,
				53ADD56927B3B7D900F57E72 /* Release */,
			);
			defaultConfigurationIsVisible = 0;
			defaultConfigurationName = Release;
		};
		53ADD56A27B3B7D900F57E72 /* Build configuration list for PBXNativeTarget "VMUITests" */ = {
			isa = XCConfigurationList;
			buildConfigurations = (
				53ADD56B27B3B7D900F57E72 /* Debug */,
				53ADD56C27B3B7D900F57E72 /* Release */,
			);
			defaultConfigurationIsVisible = 0;
			defaultConfigurationName = Release;
		};
/* End XCConfigurationList section */
	};
	rootObject = 53ADD53227B3B7D700F57E72 /* Project object */;
}
